// !$*UTF8*$!
{
	archiveVersion = 1;
	classes = {
	};
	objectVersion = 46;
	objects = {

/* Begin PBXBuildFile section */
		1F1870C91D4AF33100929217 /* AppDelegate.swift in Sources */ = {isa = PBXBuildFile; fileRef = 1F1870C81D4AF33100929217 /* AppDelegate.swift */; };
		1F1870CE1D4AF33100929217 /* Main.storyboard in Resources */ = {isa = PBXBuildFile; fileRef = 1F1870CC1D4AF33100929217 /* Main.storyboard */; };
		1F1870D01D4AF33100929217 /* Assets.xcassets in Resources */ = {isa = PBXBuildFile; fileRef = 1F1870CF1D4AF33100929217 /* Assets.xcassets */; };
		1F1870D31D4AF33100929217 /* LaunchScreen.storyboard in Resources */ = {isa = PBXBuildFile; fileRef = 1F1870D11D4AF33100929217 /* LaunchScreen.storyboard */; };
		1F1870DB1D4B0BE100929217 /* ConversionViewController.swift in Sources */ = {isa = PBXBuildFile; fileRef = 1F1870DA1D4B0BE100929217 /* ConversionViewController.swift */; };
		1F1870DD1D4C070A00929217 /* MapKit.framework in Frameworks */ = {isa = PBXBuildFile; fileRef = 1F1870DC1D4C070A00929217 /* MapKit.framework */; };
		1F1870DF1D4C105A00929217 /* MapViewController.swift in Sources */ = {isa = PBXBuildFile; fileRef = 1F1870DE1D4C105A00929217 /* MapViewController.swift */; };
		1F1870E11D4C438500929217 /* WebViewController.swift in Sources */ = {isa = PBXBuildFile; fileRef = 1F1870E01D4C438500929217 /* WebViewController.swift */; };
/* End PBXBuildFile section */

/* Begin PBXFileReference section */
		1F1870C51D4AF33100929217 /* WorldTrotter.app */ = {isa = PBXFileReference; explicitFileType = wrapper.application; includeInIndex = 0; path = WorldTrotter.app; sourceTree = BUILT_PRODUCTS_DIR; };
		1F1870C81D4AF33100929217 /* AppDelegate.swift */ = {isa = PBXFileReference; lastKnownFileType = sourcecode.swift; path = AppDelegate.swift; sourceTree = "<group>"; };
		1F1870CD1D4AF33100929217 /* Base */ = {isa = PBXFileReference; lastKnownFileType = file.storyboard; name = Base; path = Base.lproj/Main.storyboard; sourceTree = "<group>"; };
		1F1870CF1D4AF33100929217 /* Assets.xcassets */ = {isa = PBXFileReference; lastKnownFileType = folder.assetcatalog; path = Assets.xcassets; sourceTree = "<group>"; };
		1F1870D21D4AF33100929217 /* Base */ = {isa = PBXFileReference; lastKnownFileType = file.storyboard; name = Base; path = Base.lproj/LaunchScreen.storyboard; sourceTree = "<group>"; };
		1F1870D41D4AF33100929217 /* Info.plist */ = {isa = PBXFileReference; lastKnownFileType = text.plist.xml; path = Info.plist; sourceTree = "<group>"; };
		1F1870DA1D4B0BE100929217 /* ConversionViewController.swift */ = {isa = PBXFileReference; fileEncoding = 4; lastKnownFileType = sourcecode.swift; path = ConversionViewController.swift; sourceTree = "<group>"; };
		1F1870DC1D4C070A00929217 /* MapKit.framework */ = {isa = PBXFileReference; lastKnownFileType = wrapper.framework; name = MapKit.framework; path = System/Library/Frameworks/MapKit.framework; sourceTree = SDKROOT; };
		1F1870DE1D4C105A00929217 /* MapViewController.swift */ = {isa = PBXFileReference; fileEncoding = 4; lastKnownFileType = sourcecode.swift; path = MapViewController.swift; sourceTree = "<group>"; };
		1F1870E01D4C438500929217 /* WebViewController.swift */ = {isa = PBXFileReference; fileEncoding = 4; lastKnownFileType = sourcecode.swift; path = WebViewController.swift; sourceTree = "<group>"; };
/* End PBXFileReference section */

/* Begin PBXFrameworksBuildPhase section */
		1F1870C21D4AF33100929217 /* Frameworks */ = {
			isa = PBXFrameworksBuildPhase;
			buildActionMask = 2147483647;
			files = (
				1F1870DD1D4C070A00929217 /* MapKit.framework in Frameworks */,
			);
			runOnlyForDeploymentPostprocessing = 0;
		};
/* End PBXFrameworksBuildPhase section */

/* Begin PBXGroup section */
		1F1870BC1D4AF33000929217 = {
			isa = PBXGroup;
			children = (
				1F1870DC1D4C070A00929217 /* MapKit.framework */,
				1F1870C71D4AF33100929217 /* WorldTrotter */,
				1F1870C61D4AF33100929217 /* Products */,
			);
			sourceTree = "<group>";
		};
		1F1870C61D4AF33100929217 /* Products */ = {
			isa = PBXGroup;
			children = (
				1F1870C51D4AF33100929217 /* WorldTrotter.app */,
			);
			name = Products;
			sourceTree = "<group>";
		};
		1F1870C71D4AF33100929217 /* WorldTrotter */ = {
			isa = PBXGroup;
			children = (
				1F1870C81D4AF33100929217 /* AppDelegate.swift */,
				1F1870DA1D4B0BE100929217 /* ConversionViewController.swift */,
				1F1870DE1D4C105A00929217 /* MapViewController.swift */,
				1F1870E01D4C438500929217 /* WebViewController.swift */,
				1F1870CC1D4AF33100929217 /* Main.storyboard */,
				1F1870CF1D4AF33100929217 /* Assets.xcassets */,
				1F1870D11D4AF33100929217 /* LaunchScreen.storyboard */,
				1F1870D41D4AF33100929217 /* Info.plist */,
			);
			path = WorldTrotter;
			sourceTree = "<group>";
		};
/* End PBXGroup section */

/* Begin PBXNativeTarget section */
		1F1870C41D4AF33100929217 /* WorldTrotter */ = {
			isa = PBXNativeTarget;
			buildConfigurationList = 1F1870D71D4AF33100929217 /* Build configuration list for PBXNativeTarget "WorldTrotter" */;
			buildPhases = (
				1F1870C11D4AF33100929217 /* Sources */,
				1F1870C21D4AF33100929217 /* Frameworks */,
				1F1870C31D4AF33100929217 /* Resources */,
			);
			buildRules = (
			);
			dependencies = (
			);
			name = WorldTrotter;
			productName = WorldTrotter;
			productReference = 1F1870C51D4AF33100929217 /* WorldTrotter.app */;
			productType = "com.apple.product-type.application";
		};
/* End PBXNativeTarget section */

/* Begin PBXProject section */
		1F1870BD1D4AF33000929217 /* Project object */ = {
			isa = PBXProject;
			attributes = {
				LastSwiftUpdateCheck = 0730;
				LastUpgradeCheck = 0730;
				ORGANIZATIONNAME = "Hamza Muhammad";
				TargetAttributes = {
					1F1870C41D4AF33100929217 = {
						CreatedOnToolsVersion = 7.3.1;
					};
				};
			};
			buildConfigurationList = 1F1870C01D4AF33000929217 /* Build configuration list for PBXProject "WorldTrotter" */;
			compatibilityVersion = "Xcode 3.2";
			developmentRegion = English;
			hasScannedForEncodings = 0;
			knownRegions = (
				en,
				Base,
			);
			mainGroup = 1F1870BC1D4AF33000929217;
			productRefGroup = 1F1870C61D4AF33100929217 /* Products */;
			projectDirPath = "";
			projectRoot = "";
			targets = (
				1F1870C41D4AF33100929217 /* WorldTrotter */,
			);
		};
/* End PBXProject section */

/* Begin PBXResourcesBuildPhase section */
		1F1870C31D4AF33100929217 /* Resources */ = {
			isa = PBXResourcesBuildPhase;
			buildActionMask = 2147483647;
			files = (
				1F1870D31D4AF33100929217 /* LaunchScreen.storyboard in Resources */,
				1F1870D01D4AF33100929217 /* Assets.xcassets in Resources */,
				1F1870CE1D4AF33100929217 /* Main.storyboard in Resources */,
			);
			runOnlyForDeploymentPostprocessing = 0;
		};
/* End PBXResourcesBuildPhase section */

/* Begin PBXSourcesBuildPhase section */
		1F1870C11D4AF33100929217 /* Sources */ = {
			isa = PBXSourcesBuildPhase;
			buildActionMask = 2147483647;
			files = (
				1F1870DB1D4B0BE100929217 /* ConversionViewController.swift in Sources */,
				1F1870DF1D4C105A00929217 /* MapViewController.swift in Sources */,
				1F1870C91D4AF33100929217 /* AppDelegate.swift in Sources */,
				1F1870E11D4C438500929217 /* WebViewController.swift in Sources */,
			);
			runOnlyForDeploymentPostprocessing = 0;
		};
/* End PBXSourcesBuildPhase section */

/* Begin PBXVariantGroup section */
		1F1870CC1D4AF33100929217 /* Main.storyboard */ = {
			isa = PBXVariantGroup;
			children = (
				1F1870CD1D4AF33100929217 /* Base */,
			);
			name = Main.storyboard;
			sourceTree = "<group>";
		};
		1F1870D11D4AF33100929217 /* LaunchScreen.storyboard */ = {
			isa = PBXVariantGroup;
			children = (
				1F1870D21D4AF33100929217 /* Base */,
			);
			name = LaunchScreen.storyboard;
			sourceTree = "<group>";
		};
/* End PBXVariantGroup section */

/* Begin XCBuildConfiguration section */
		1F1870D51D4AF33100929217 /* Debug */ = {
			isa = XCBuildConfiguration;
			buildSettings = {
				ALWAYS_SEARCH_USER_PATHS = NO;
				CLANG_ANALYZER_NONNULL = YES;
				CLANG_CXX_LANGUAGE_STANDARD = "gnu++0x";
				CLANG_CXX_LIBRARY = "libc++";
				CLANG_ENABLE_MODULES = YES;
				CLANG_ENABLE_OBJC_ARC = YES;
				CLANG_WARN_BOOL_CONVERSION = YES;
				CLANG_WARN_CONSTANT_CONVERSION = YES;
				CLANG_WARN_DIRECT_OBJC_ISA_USAGE = YES_ERROR;
				CLANG_WARN_EMPTY_BODY = YES;
				CLANG_WARN_ENUM_CONVERSION = YES;
				CLANG_WARN_INT_CONVERSION = YES;
				CLANG_WARN_OBJC_ROOT_CLASS = YES_ERROR;
				CLANG_WARN_UNREACHABLE_CODE = YES;
				CLANG_WARN__DUPLICATE_METHOD_MATCH = YES;
				"CODE_SIGN_IDENTITY[sdk=iphoneos*]" = "iPhone Developer";
				COPY_PHASE_STRIP = NO;
				DEBUG_INFORMATION_FORMAT = dwarf;
				ENABLE_STRICT_OBJC_MSGSEND = YES;
				ENABLE_TESTABILITY = YES;
				GCC_C_LANGUAGE_STANDARD = gnu99;
				GCC_DYNAMIC_NO_PIC = NO;
				GCC_NO_COMMON_BLOCKS = YES;
				GCC_OPTIMIZATION_LEVEL = 0;
				GCC_PREPROCESSOR_DEFINITIONS = (
					"DEBUG=1",
					"$(inherited)",
				);
				GCC_WARN_64_TO_32_BIT_CONVERSION = YES;
				GCC_WARN_ABOUT_RETURN_TYPE = YES_ERROR;
				GCC_WARN_UNDECLARED_SELECTOR = YES;
				GCC_WARN_UNINITIALIZED_AUTOS = YES_AGGRESSIVE;
				GCC_WARN_UNUSED_FUNCTION = YES;
				GCC_WARN_UNUSED_VARIABLE = YES;
				IPHONEOS_DEPLOYMENT_TARGET = 9.3;
				MTL_ENABLE_DEBUG_INFO = YES;
				ONLY_ACTIVE_ARCH = YES;
				SDKROOT = iphoneos;
				SWIFT_OPTIMIZATION_LEVEL = "-Onone";
			};
			name = Debug;
		};
		1F1870D61D4AF33100929217 /* Release */ = {
			isa = XCBuildConfiguration;
			buildSettings = {
				ALWAYS_SEARCH_USER_PATHS = NO;
				CLANG_ANALYZER_NONNULL = YES;
				CLANG_CXX_LANGUAGE_STANDARD = "gnu++0x";
				CLANG_CXX_LIBRARY = "libc++";
				CLANG_ENABLE_MODULES = YES;
				CLANG_ENABLE_OBJC_ARC = YES;
				CLANG_WARN_BOOL_CONVERSION = YES;
				CLANG_WARN_CONSTANT_CONVERSION = YES;
				CLANG_WARN_DIRECT_OBJC_ISA_USAGE = YES_ERROR;
				CLANG_WARN_EMPTY_BODY = YES;
				CLANG_WARN_ENUM_CONVERSION = YES;
				CLANG_WARN_INT_CONVERSION = YES;
				CLANG_WARN_OBJC_ROOT_CLASS = YES_ERROR;
				CLANG_WARN_UNREACHABLE_CODE = YES;
				CLANG_WARN__DUPLICATE_METHOD_MATCH = YES;
				"CODE_SIGN_IDENTITY[sdk=iphoneos*]" = "iPhone Developer";
				COPY_PHASE_STRIP = NO;
				DEBUG_INFORMATION_FORMAT = "dwarf-with-dsym";
				ENABLE_NS_ASSERTIONS = NO;
				ENABLE_STRICT_OBJC_MSGSEND = YES;
				GCC_C_LANGUAGE_STANDARD = gnu99;
				GCC_NO_COMMON_BLOCKS = YES;
				GCC_WARN_64_TO_32_BIT_CONVERSION = YES;
				GCC_WARN_ABOUT_RETURN_TYPE = YES_ERROR;
				GCC_WARN_UNDECLARED_SELECTOR = YES;
				GCC_WARN_UNINITIALIZED_AUTOS = YES_AGGRESSIVE;
				GCC_WARN_UNUSED_FUNCTION = YES;
				GCC_WARN_UNUSED_VARIABLE = YES;
				IPHONEOS_DEPLOYMENT_TARGET = 9.3;
				MTL_ENABLE_DEBUG_INFO = NO;
				SDKROOT = iphoneos;
				VALIDATE_PRODUCT = YES;
			};
			name = Release;
		};
		1F1870D81D4AF33100929217 /* Debug */ = {
			isa = XCBuildConfiguration;
			buildSettings = {
				ASSETCATALOG_COMPILER_APPICON_NAME = AppIcon;
				INFOPLIST_FILE = WorldTrotter/Info.plist;
				LD_RUNPATH_SEARCH_PATHS = "$(inherited) @executable_path/Frameworks";
				PRODUCT_BUNDLE_IDENTIFIER = Ham.WorldTrotter;
				PRODUCT_NAME = "$(TARGET_NAME)";
			};
			name = Debug;
		};
		1F1870D91D4AF33100929217 /* Release */ = {
			isa = XCBuildConfiguration;
			buildSettings = {
				ASSETCATALOG_COMPILER_APPICON_NAME = AppIcon;
				INFOPLIST_FILE = WorldTrotter/Info.plist;
				LD_RUNPATH_SEARCH_PATHS = "$(inherited) @executable_path/Frameworks";
				PRODUCT_BUNDLE_IDENTIFIER = Ham.WorldTrotter;
				PRODUCT_NAME = "$(TARGET_NAME)";
			};
			name = Release;
		};
/* End XCBuildConfiguration section */

/* Begin XCConfigurationList section */
		1F1870C01D4AF33000929217 /* Build configuration list for PBXProject "WorldTrotter" */ = {
			isa = XCConfigurationList;
			buildConfigurations = (
				1F1870D51D4AF33100929217 /* Debug */,
				1F1870D61D4AF33100929217 /* Release */,
			);
			defaultConfigurationIsVisible = 0;
			defaultConfigurationName = Release;
		};
		1F1870D71D4AF33100929217 /* Build configuration list for PBXNativeTarget "WorldTrotter" */ = {
			isa = XCConfigurationList;
			buildConfigurations = (
				1F1870D81D4AF33100929217 /* Debug */,
				1F1870D91D4AF33100929217 /* Release */,
			);
			defaultConfigurationIsVisible = 0;
			defaultConfigurationName = Release;
		};
/* End XCConfigurationList section */
	};
	rootObject = 1F1870BD1D4AF33000929217 /* Project object */;
}
